
Microsoft Visual Studio Solution File, Format Version 12.00
# Visual Studio 14
VisualStudioVersion = 14.0.25420.1
MinimumVisualStudioVersion = 10.0.40219.1
Project("{8BC9CEB8-8B4A-11D0-8D11-00A0C91BC942}") = "HihoCoder_Practice Competetion", "HihoCoder_Practice Competetion\HihoCoder_Practice Competetion.vcxproj", "{C0FFAE7F-C410-481E-A313-76C545FA5798}"
EndProject
Global
	GlobalSection(SolutionConfigurationPlatforms) = preSolution
		Debug|x64 = Debug|x64
		Debug|x86 = Debug|x86
		Release|x64 = Release|x64
		Release|x86 = Release|x86
	EndGlobalSection
	GlobalSection(ProjectConfigurationPlatforms) = postSolution
		{C0FFAE7F-C410-481E-A313-76C545FA5798}.Debug|x64.ActiveCfg = Debug|x64
		{C0FFAE7F-C410-481E-A313-76C545FA5798}.Debug|x64.Build.0 = Debug|x64
		{C0FFAE7F-C410-481E-A313-76C545FA5798}.Debug|x86.ActiveCfg = Debug|Win32
		{C0FFAE7F-C410-481E-A313-76C545FA5798}.Debug|x86.Build.0 = Debug|Win32
		{C0FFAE7F-C410-481E-A313-76C545FA5798}.Release|x64.ActiveCfg = Release|x64
		{C0FFAE7F-C410-481E-A313-76C545FA5798}.Release|x64.Build.0 = Release|x64
		{C0FFAE7F-C410-481E-A313-76C545FA5798}.Release|x86.ActiveCfg = Release|Win32
		{C0FFAE7F-C410-481E-A313-76C545FA5798}.Release|x86.Build.0 = Release|Win32
	EndGlobalSection
	GlobalSection(SolutionProperties) = preSolution
		HideSolutionNode = FALSE
	EndGlobalSection
EndGlobal
